
Microsoft Visual Studio Solution File, Format Version 12.00
# Visual Studio Version 17
VisualStudioVersion = 17.0.31919.166
MinimumVisualStudioVersion = 10.0.40219.1
Project("{FAE04EC0-301F-11D3-BF4B-00C04F79EFBC}") = "Assignment", "Assignment\Assignment.csproj", "{BF090F9C-65B5-461B-A067-521603260EE1}"
EndProject
Global
	GlobalSection(SolutionConfigurationPlatforms) = preSolution
		Debug|Any CPU = Debug|Any CPU
		Release|Any CPU = Release|Any CPU
	EndGlobalSection
	GlobalSection(ProjectConfigurationPlatforms) = postSolution
		{BF090F9C-65B5-461B-A067-521603260EE1}.Debug|Any CPU.ActiveCfg = Debug|Any CPU
		{BF090F9C-65B5-461B-A067-521603260EE1}.Debug|Any CPU.Build.0 = Debug|Any CPU
		{BF090F9C-65B5-461B-A067-521603260EE1}.Release|Any CPU.ActiveCfg = Release|Any CPU
		{BF090F9C-65B5-461B-A067-521603260EE1}.Release|Any CPU.Build.0 = Release|Any CPU
	EndGlobalSection
	GlobalSection(SolutionProperties) = preSolution
		HideSolutionNode = FALSE
	EndGlobalSection
	GlobalSection(ExtensibilityGlobals) = postSolution
		SolutionGuid = {2AAE3AE1-517D-4C1A-B2FD-A032398FBD22}
	EndGlobalSection
EndGlobal
